
Microsoft Visual Studio Solution File, Format Version 12.00
# Visual Studio Version 17
VisualStudioVersion = 17.2.32616.157
MinimumVisualStudioVersion = 10.0.40219.1
Project("{FAE04EC0-301F-11D3-BF4B-00C04F79EFBC}") = "Accounting", "Accounting\Accounting.csproj", "{04756BD6-EEEE-4E50-9298-08B778FCF87E}"
EndProject
Global
	GlobalSection(SolutionConfigurationPlatforms) = preSolution
		Debug|Any CPU = Debug|Any CPU
		Release|Any CPU = Release|Any CPU
	EndGlobalSection
	GlobalSection(ProjectConfigurationPlatforms) = postSolution
		{04756BD6-EEEE-4E50-9298-08B778FCF87E}.Debug|Any CPU.ActiveCfg = Debug|Any CPU
		{04756BD6-EEEE-4E50-9298-08B778FCF87E}.Debug|Any CPU.Build.0 = Debug|Any CPU
		{04756BD6-EEEE-4E50-9298-08B778FCF87E}.Release|Any CPU.ActiveCfg = Release|Any CPU
		{04756BD6-EEEE-4E50-9298-08B778FCF87E}.Release|Any CPU.Build.0 = Release|Any CPU
	EndGlobalSection
	GlobalSection(SolutionProperties) = preSolution
		HideSolutionNode = FALSE
	EndGlobalSection
	GlobalSection(ExtensibilityGlobals) = postSolution
		SolutionGuid = {44350F9F-0BED-4032-A3B2-74188B3F56CD}
	EndGlobalSection
EndGlobal
